Microsoft Visual Studio Solution File, Format Version 12.00
# Visual Studio Version 17
VisualStudioVersion = 17.5.2.0
MinimumVisualStudioVersion = 10.0.40219.1
Project("{FAE04EC0-301F-11D3-BF4B-00C04F79EFBC}") = "AgentSecure", "AgentSecure.csproj", "{E09EEEBA-4B9B-8D8E-C49A-BCD21E3B3475}"
EndProject
Project("{FAE04EC0-301F-11D3-BF4B-00C04F79EFBC}") = "AgentSecure.Tests", "AgentSecure.Tests\AgentSecure.Tests.csproj", "{4E544E2E-581A-4572-9675-632A3BA0C896}"
EndProject
Global
	GlobalSection(SolutionConfigurationPlatforms) = preSolution
		Debug|Any CPU = Debug|Any CPU
		Release|Any CPU = Release|Any CPU
	EndGlobalSection
	GlobalSection(ProjectConfigurationPlatforms) = postSolution
		{E09EEEBA-4B9B-8D8E-C49A-BCD21E3B3475}.Debug|Any CPU.ActiveCfg = Debug|Any CPU
		{E09EEEBA-4B9B-8D8E-C49A-BCD21E3B3475}.Debug|Any CPU.Build.0 = Debug|Any CPU
		{E09EEEBA-4B9B-8D8E-C49A-BCD21E3B3475}.Release|Any CPU.ActiveCfg = Release|Any CPU
		{E09EEEBA-4B9B-8D8E-C49A-BCD21E3B3475}.Release|Any CPU.Build.0 = Release|Any CPU
		{2D3C03EB-E80E-4A21-9658-3D728BBEE11A}.Debug|Any CPU.ActiveCfg = Debug|Any CPU
		{2D3C03EB-E80E-4A21-9658-3D728BBEE11A}.Debug|Any CPU.Build.0 = Debug|Any CPU
		{2D3C03EB-E80E-4A21-9658-3D728BBEE11A}.Release|Any CPU.ActiveCfg = Release|Any CPU
		{2D3C03EB-E80E-4A21-9658-3D728BBEE11A}.Release|Any CPU.Build.0 = Release|Any CPU
		{4E544E2E-581A-4572-9675-632A3BA0C896}.Debug|Any CPU.ActiveCfg = Debug|Any CPU
		{4E544E2E-581A-4572-9675-632A3BA0C896}.Debug|Any CPU.Build.0 = Debug|Any CPU
		{4E544E2E-581A-4572-9675-632A3BA0C896}.Release|Any CPU.ActiveCfg = Release|Any CPU
		{4E544E2E-581A-4572-9675-632A3BA0C896}.Release|Any CPU.Build.0 = Release|Any CPU
	EndGlobalSection
	GlobalSection(SolutionProperties) = preSolution
		HideSolutionNode = FALSE
	EndGlobalSection
	GlobalSection(ExtensibilityGlobals) = postSolution
		SolutionGuid = {2B1BC6E6-9024-44CF-BED5-2649B4517285}
	EndGlobalSection
EndGlobal
